{
    "name": "rt3",
    "version": "1.0.0",
    "lockfileVersion": 3,
    "requires": true,
    "packages": {
      "": {
        "name": "rt3",
        "version": "1.0.0",
        "license": "ISC",
        "dependencies": {
          "modulo-base-ts": "https://github.com/borroniff/modulo-base-ts"
        }
      },
      "node_modules/modulo-base-ts": {
        "version": "1.0.0",
        "resolved": "git+ssh://git@github.com/borroniff/modulo-base-ts.git#291f28e79e16dbdb5afc3638443b3d73b7bd5fa8",
        "license": "ISC"
      }
    }
  }